# This file is automatically @generated by Cargo.
# It is not intended for manual editing.
version = 4

[[package]]
name = "hal-api"
version = "0.1.0"
dependencies = [
 "spin",
]

[[package]]
name = "hal-riscv64-virt"
version = "0.1.0"
dependencies = [
 "hal-api",
 "spin",
]

[[package]]
name = "kernel-core"
version = "0.1.0"
dependencies = [
 "hal-api",
 "mm",
 "proc",
 "syscall",
 "task",
 "user-init",
 "vfs",
]

[[package]]
name = "lock_api"
version = "0.4.14"
source = "registry+https://github.com/rust-lang/crates.io-index"
checksum = "224399e74b87b5f3557511d98dff8b14089b3dadafcab6bb93eab67d3aace965"
dependencies = [
 "scopeguard",
]

[[package]]
name = "mm"
version = "0.1.0"
dependencies = [
 "hal-api",
]

[[package]]
name = "proc"
version = "0.1.0"
dependencies = [
 "hal-api",
 "mm",
 "vfs",
]

[[package]]
name = "scopeguard"
version = "1.2.0"
source = "registry+https://github.com/rust-lang/crates.io-index"
checksum = "94143f37725109f92c262ed2cf5e59bce7498c01bcc1502d7b9afe439a4e9f49"

[[package]]
name = "spin"
version = "0.9.8"
source = "registry+https://github.com/rust-lang/crates.io-index"
checksum = "6980e8d7511241f8acf4aebddbb1ff938df5eebe98691418c4468d0b72a96a67"
dependencies = [
 "lock_api",
]

[[package]]
name = "syscall"
version = "0.1.0"
dependencies = [
 "hal-api",
 "proc",
 "spin",
 "task",
 "user-init",
 "vfs",
]

[[package]]
name = "task"
version = "0.1.0"

[[package]]
name = "user-init"
version = "0.1.0"
dependencies = [
 "proc",
 "vfs",
]

[[package]]
name = "vfs"
version = "0.1.0"
dependencies = [
 "spin",
]

[[package]]
name = "whuse-riscv64-virt"
version = "0.1.0"
dependencies = [
 "hal-riscv64-virt",
 "kernel-core",
]

[[package]]
name = "xtask"
version = "0.1.0"
